
Microsoft Visual Studio Solution File, Format Version 12.00
# Visual Studio Version 17
VisualStudioVersion = 17.6.33723.286
MinimumVisualStudioVersion = 10.0.40219.1
Project("{FAE04EC0-301F-11D3-BF4B-00C04F79EFBC}") = "TARge22Cars", "TARge22Cars.csproj", "{D8CAE5FA-260E-4315-BBFD-10DAFD2E25EC}"
EndProject
Project("{2150E333-8FDC-42A3-9474-1A3956D46DE8}") = "Solution Items", "Solution Items", "{506C4F93-2367-43BE-9726-7C199EC5E921}"
	ProjectSection(SolutionItems) = preProject
		.gitignore = .gitignore
	EndProjectSection
EndProject
Global
	GlobalSection(SolutionConfigurationPlatforms) = preSolution
		Debug|Any CPU = Debug|Any CPU
		Release|Any CPU = Release|Any CPU
	EndGlobalSection
	GlobalSection(ProjectConfigurationPlatforms) = postSolution
		{D8CAE5FA-260E-4315-BBFD-10DAFD2E25EC}.Debug|Any CPU.ActiveCfg = Debug|Any CPU
		{D8CAE5FA-260E-4315-BBFD-10DAFD2E25EC}.Debug|Any CPU.Build.0 = Debug|Any CPU
		{D8CAE5FA-260E-4315-BBFD-10DAFD2E25EC}.Release|Any CPU.ActiveCfg = Release|Any CPU
		{D8CAE5FA-260E-4315-BBFD-10DAFD2E25EC}.Release|Any CPU.Build.0 = Release|Any CPU
	EndGlobalSection
	GlobalSection(SolutionProperties) = preSolution
		HideSolutionNode = FALSE
	EndGlobalSection
	GlobalSection(ExtensibilityGlobals) = postSolution
		SolutionGuid = {4A09D009-B9C2-4830-BA95-D3F55EE56E76}
	EndGlobalSection
EndGlobal
